
Microsoft Visual Studio Solution File, Format Version 12.00
# Visual Studio Version 16
VisualStudioVersion = 16.0.29025.244
MinimumVisualStudioVersion = 10.0.40219.1
Project("{FAE04EC0-301F-11D3-BF4B-00C04F79EFBC}") = "CreateSheetsFromVideo", "CreateSheetsFromVideo.csproj", "{43ED7EAE-F8FA-45DC-8BFD-42C3E2BF67EF}"
EndProject
Global
	GlobalSection(SolutionConfigurationPlatforms) = preSolution
		Debug|Any CPU = Debug|Any CPU
		Release|Any CPU = Release|Any CPU
	EndGlobalSection
	GlobalSection(ProjectConfigurationPlatforms) = postSolution
		{43ED7EAE-F8FA-45DC-8BFD-42C3E2BF67EF}.Debug|Any CPU.ActiveCfg = Debug|Any CPU
		{43ED7EAE-F8FA-45DC-8BFD-42C3E2BF67EF}.Debug|Any CPU.Build.0 = Debug|Any CPU
		{43ED7EAE-F8FA-45DC-8BFD-42C3E2BF67EF}.Release|Any CPU.ActiveCfg = Release|Any CPU
		{43ED7EAE-F8FA-45DC-8BFD-42C3E2BF67EF}.Release|Any CPU.Build.0 = Release|Any CPU
	EndGlobalSection
	GlobalSection(SolutionProperties) = preSolution
		HideSolutionNode = FALSE
	EndGlobalSection
	GlobalSection(ExtensibilityGlobals) = postSolution
		SolutionGuid = {F8FEBB9A-DC9B-4E58-85DD-048964B89819}
	EndGlobalSection
EndGlobal
